
Microsoft Visual Studio Solution File, Format Version 12.00
# Visual Studio Version 17
VisualStudioVersion = 17.10.35013.160
MinimumVisualStudioVersion = 10.0.40219.1
Project("{FAE04EC0-301F-11D3-BF4B-00C04F79EFBC}") = "RestaurantOrderingSystem", "RestaurantOrderingSystem\RestaurantOrderingSystem.csproj", "{E01CDB36-DA54-434D-AF5D-53BAD43706BF}"
EndProject
Global
	GlobalSection(SolutionConfigurationPlatforms) = preSolution
		Debug|Any CPU = Debug|Any CPU
		Release|Any CPU = Release|Any CPU
	EndGlobalSection
	GlobalSection(ProjectConfigurationPlatforms) = postSolution
		{E01CDB36-DA54-434D-AF5D-53BAD43706BF}.Debug|Any CPU.ActiveCfg = Debug|Any CPU
		{E01CDB36-DA54-434D-AF5D-53BAD43706BF}.Debug|Any CPU.Build.0 = Debug|Any CPU
		{E01CDB36-DA54-434D-AF5D-53BAD43706BF}.Release|Any CPU.ActiveCfg = Release|Any CPU
		{E01CDB36-DA54-434D-AF5D-53BAD43706BF}.Release|Any CPU.Build.0 = Release|Any CPU
	EndGlobalSection
	GlobalSection(SolutionProperties) = preSolution
		HideSolutionNode = FALSE
	EndGlobalSection
	GlobalSection(ExtensibilityGlobals) = postSolution
		SolutionGuid = {ED9D8CAF-9656-463F-B530-5AD4C6E96435}
	EndGlobalSection
EndGlobal
